
Microsoft Visual Studio Solution File, Format Version 12.00
Project("{FAE04EC0-301F-11D3-BF4B-00C04F79EFBC}") = "TerraProc.Core", "src\TerraProc.Core\TerraProc.Core.csproj", "{0117FC25-A3A7-4839-9403-4D7EEFE57160}"
EndProject
Project("{FAE04EC0-301F-11D3-BF4B-00C04F79EFBC}") = "TerraProc.Core.Tests", "tests\TerraProc.Core.Tests\TerraProc.Core.Tests.csproj", "{6CC852C6-0268-4B60-AAC6-4DF77EF1F4E6}"
EndProject
Project("{FAE04EC0-301F-11D3-BF4B-00C04F79EFBC}") = "TerraProc.Core.IntegrationTests", "tests\TerraProc.Core.IntegrationTests\TerraProc.Core.IntegrationTests.csproj", "{54B8DB8E-4FC4-4AA1-8140-DD3C2AD8DD0B}"
EndProject
Project("{FAE04EC0-301F-11D3-BF4B-00C04F79EFBC}") = "TerraProc.Server", "src\TerraProc.Server\TerraProc.Server.csproj", "{B19CFC22-DCC0-4841-9876-F660E27F45F5}"
EndProject
Global
	GlobalSection(SolutionConfigurationPlatforms) = preSolution
		Debug|Any CPU = Debug|Any CPU
		Release|Any CPU = Release|Any CPU
	EndGlobalSection
	GlobalSection(ProjectConfigurationPlatforms) = postSolution
		{0117FC25-A3A7-4839-9403-4D7EEFE57160}.Debug|Any CPU.ActiveCfg = Debug|Any CPU
		{0117FC25-A3A7-4839-9403-4D7EEFE57160}.Debug|Any CPU.Build.0 = Debug|Any CPU
		{0117FC25-A3A7-4839-9403-4D7EEFE57160}.Release|Any CPU.ActiveCfg = Release|Any CPU
		{0117FC25-A3A7-4839-9403-4D7EEFE57160}.Release|Any CPU.Build.0 = Release|Any CPU
		{6CC852C6-0268-4B60-AAC6-4DF77EF1F4E6}.Debug|Any CPU.ActiveCfg = Debug|Any CPU
		{6CC852C6-0268-4B60-AAC6-4DF77EF1F4E6}.Debug|Any CPU.Build.0 = Debug|Any CPU
		{6CC852C6-0268-4B60-AAC6-4DF77EF1F4E6}.Release|Any CPU.ActiveCfg = Release|Any CPU
		{6CC852C6-0268-4B60-AAC6-4DF77EF1F4E6}.Release|Any CPU.Build.0 = Release|Any CPU
		{54B8DB8E-4FC4-4AA1-8140-DD3C2AD8DD0B}.Debug|Any CPU.ActiveCfg = Debug|Any CPU
		{54B8DB8E-4FC4-4AA1-8140-DD3C2AD8DD0B}.Debug|Any CPU.Build.0 = Debug|Any CPU
		{54B8DB8E-4FC4-4AA1-8140-DD3C2AD8DD0B}.Release|Any CPU.ActiveCfg = Release|Any CPU
		{54B8DB8E-4FC4-4AA1-8140-DD3C2AD8DD0B}.Release|Any CPU.Build.0 = Release|Any CPU
		{B19CFC22-DCC0-4841-9876-F660E27F45F5}.Debug|Any CPU.ActiveCfg = Debug|Any CPU
		{B19CFC22-DCC0-4841-9876-F660E27F45F5}.Debug|Any CPU.Build.0 = Debug|Any CPU
		{B19CFC22-DCC0-4841-9876-F660E27F45F5}.Release|Any CPU.ActiveCfg = Release|Any CPU
		{B19CFC22-DCC0-4841-9876-F660E27F45F5}.Release|Any CPU.Build.0 = Release|Any CPU
	EndGlobalSection
EndGlobal
